
Microsoft Visual Studio Solution File, Format Version 12.00
# Visual Studio Version 17
VisualStudioVersion = 17.0.31903.59
MinimumVisualStudioVersion = 10.0.40219.1
Project("{2150E333-8FDC-42A3-9474-1A3956D46DE8}") = "src", "src", "{58673451-9B2A-4F1D-86F6-A05B2EA1A6E5}"
EndProject
Project("{FAE04EC0-301F-11D3-BF4B-00C04F79EFBC}") = "Momentum.Analytics.DynamoDb", "src\Momentum.Analytics.DynamoDb\Momentum.Analytics.DynamoDb.csproj", "{32E1A33B-0E7E-4F84-B1CE-67095162320A}"
EndProject
Project("{FAE04EC0-301F-11D3-BF4B-00C04F79EFBC}") = "Momentum.Analytics.Lambda.Api", "src\Momentum.Analytics.Lambda.Api\Momentum.Analytics.Lambda.Api.csproj", "{00925092-FACF-443D-BAA3-CEF73062211B}"
EndProject
Project("{FAE04EC0-301F-11D3-BF4B-00C04F79EFBC}") = "Momentum.Analytics.Core", "src\Momentum.Analytics.Core\Momentum.Analytics.Core.csproj", "{CA666E63-C63B-4C1D-B422-E7D12AC5EE3B}"
EndProject
Project("{FAE04EC0-301F-11D3-BF4B-00C04F79EFBC}") = "Momentum.Analytics.Processing", "src\Momentum.Analytics.Processing\Momentum.Analytics.Processing.csproj", "{E2D771EC-DA40-4041-A848-E667F4D45104}"
EndProject
Project("{2150E333-8FDC-42A3-9474-1A3956D46DE8}") = "tests", "tests", "{6144075E-5978-4F0C-937B-24D1990DD255}"
EndProject
Project("{FAE04EC0-301F-11D3-BF4B-00C04F79EFBC}") = "Momentum.Analytics.Processing.Tests", "tests\Momentum.Analytics.Processing.Tests\Momentum.Analytics.Processing.Tests.csproj", "{3F9E6672-E311-480C-8C32-53203647115B}"
EndProject
Project("{FAE04EC0-301F-11D3-BF4B-00C04F79EFBC}") = "Momentum.Analytics.PageViews.Lambda", "src\Momentum.Analytics.PageViews.Lambda\Momentum.Analytics.PageViews.Lambda.csproj", "{EB7B0A1C-50CE-40A6-8F36-5FC8A3E8E457}"
EndProject
Project("{FAE04EC0-301F-11D3-BF4B-00C04F79EFBC}") = "Momentum.Analytics.DynamoDb.Tests", "tests\Momentum.Analytics.DynamoDb.Tests\Momentum.Analytics.DynamoDb.Tests.csproj", "{BCD2161A-A3C4-4BBD-91F3-C3E3E245C38B}"
EndProject
Project("{FAE04EC0-301F-11D3-BF4B-00C04F79EFBC}") = "Momentum.Analytics.Processing.DynamoDb", "src\Momentum.Analytics.Processing.DynamoDb\Momentum.Analytics.Processing.DynamoDb.csproj", "{898188FF-AD8B-4576-8BAA-F3260C0D7F3A}"
EndProject
Project("{FAE04EC0-301F-11D3-BF4B-00C04F79EFBC}") = "Momentum.Analytics.Pii.Lambda", "src\Momentum.Analytics.Pii.Lambda\Momentum.Analytics.Pii.Lambda.csproj", "{2E148773-CAE2-417C-A1E6-508095367663}"
EndProject
Project("{FAE04EC0-301F-11D3-BF4B-00C04F79EFBC}") = "Momentum.Analytics.Visits.Lambda", "src\Momentum.Analytics.Visits.Lambda\Momentum.Analytics.Visits.Lambda.csproj", "{7B7E1EC8-A373-4B86-A8BA-62886240203B}"
EndProject
Project("{FAE04EC0-301F-11D3-BF4B-00C04F79EFBC}") = "Momentum.Analytics.Visits.Lambda.Tests", "tests\Momentum.Analytics.Visits.Lambda.Tests\Momentum.Analytics.Visits.Lambda.Tests.csproj", "{DCF6476B-2980-4BAB-84AA-2996015BB048}"
EndProject
Project("{FAE04EC0-301F-11D3-BF4B-00C04F79EFBC}") = "Momentum.Analytics.Core.Tests", "tests\Momentum.Analytics.Core.Tests\Momentum.Analytics.Core.Tests.csproj", "{9EE8C632-8CF1-4137-9C19-F46741ED8301}"
EndProject
Project("{FAE04EC0-301F-11D3-BF4B-00C04F79EFBC}") = "Momentum.Analytics.Pii.Lambda.Tests", "tests\Momentum.Analytics.Pii.Lambda.Tests\Momentum.Analytics.Pii.Lambda.Tests.csproj", "{4E518CF5-4037-4F90-9F5A-D9106A609708}"
EndProject
Project("{FAE04EC0-301F-11D3-BF4B-00C04F79EFBC}") = "Momentum.Analytics.PageViews.Lambda.Tests", "tests\Momentum.Analytics.PageViews.Lambda.Tests\Momentum.Analytics.PageViews.Lambda.Tests.csproj", "{F9188C56-51DD-42CF-82BA-157A12369328}"
EndProject
Global
	GlobalSection(SolutionConfigurationPlatforms) = preSolution
		Debug|Any CPU = Debug|Any CPU
		Release|Any CPU = Release|Any CPU
	EndGlobalSection
	GlobalSection(SolutionProperties) = preSolution
		HideSolutionNode = FALSE
	EndGlobalSection
	GlobalSection(ProjectConfigurationPlatforms) = postSolution
		{32E1A33B-0E7E-4F84-B1CE-67095162320A}.Debug|Any CPU.ActiveCfg = Debug|Any CPU
		{32E1A33B-0E7E-4F84-B1CE-67095162320A}.Debug|Any CPU.Build.0 = Debug|Any CPU
		{32E1A33B-0E7E-4F84-B1CE-67095162320A}.Release|Any CPU.ActiveCfg = Release|Any CPU
		{32E1A33B-0E7E-4F84-B1CE-67095162320A}.Release|Any CPU.Build.0 = Release|Any CPU
		{00925092-FACF-443D-BAA3-CEF73062211B}.Debug|Any CPU.ActiveCfg = Debug|Any CPU
		{00925092-FACF-443D-BAA3-CEF73062211B}.Debug|Any CPU.Build.0 = Debug|Any CPU
		{00925092-FACF-443D-BAA3-CEF73062211B}.Release|Any CPU.ActiveCfg = Release|Any CPU
		{00925092-FACF-443D-BAA3-CEF73062211B}.Release|Any CPU.Build.0 = Release|Any CPU
		{CA666E63-C63B-4C1D-B422-E7D12AC5EE3B}.Debug|Any CPU.ActiveCfg = Debug|Any CPU
		{CA666E63-C63B-4C1D-B422-E7D12AC5EE3B}.Debug|Any CPU.Build.0 = Debug|Any CPU
		{CA666E63-C63B-4C1D-B422-E7D12AC5EE3B}.Release|Any CPU.ActiveCfg = Release|Any CPU
		{CA666E63-C63B-4C1D-B422-E7D12AC5EE3B}.Release|Any CPU.Build.0 = Release|Any CPU
		{E2D771EC-DA40-4041-A848-E667F4D45104}.Debug|Any CPU.ActiveCfg = Debug|Any CPU
		{E2D771EC-DA40-4041-A848-E667F4D45104}.Debug|Any CPU.Build.0 = Debug|Any CPU
		{E2D771EC-DA40-4041-A848-E667F4D45104}.Release|Any CPU.ActiveCfg = Release|Any CPU
		{E2D771EC-DA40-4041-A848-E667F4D45104}.Release|Any CPU.Build.0 = Release|Any CPU
		{3F9E6672-E311-480C-8C32-53203647115B}.Debug|Any CPU.ActiveCfg = Debug|Any CPU
		{3F9E6672-E311-480C-8C32-53203647115B}.Debug|Any CPU.Build.0 = Debug|Any CPU
		{3F9E6672-E311-480C-8C32-53203647115B}.Release|Any CPU.ActiveCfg = Release|Any CPU
		{3F9E6672-E311-480C-8C32-53203647115B}.Release|Any CPU.Build.0 = Release|Any CPU
		{EB7B0A1C-50CE-40A6-8F36-5FC8A3E8E457}.Debug|Any CPU.ActiveCfg = Debug|Any CPU
		{EB7B0A1C-50CE-40A6-8F36-5FC8A3E8E457}.Debug|Any CPU.Build.0 = Debug|Any CPU
		{EB7B0A1C-50CE-40A6-8F36-5FC8A3E8E457}.Release|Any CPU.ActiveCfg = Release|Any CPU
		{EB7B0A1C-50CE-40A6-8F36-5FC8A3E8E457}.Release|Any CPU.Build.0 = Release|Any CPU
		{BCD2161A-A3C4-4BBD-91F3-C3E3E245C38B}.Debug|Any CPU.ActiveCfg = Debug|Any CPU
		{BCD2161A-A3C4-4BBD-91F3-C3E3E245C38B}.Debug|Any CPU.Build.0 = Debug|Any CPU
		{BCD2161A-A3C4-4BBD-91F3-C3E3E245C38B}.Release|Any CPU.ActiveCfg = Release|Any CPU
		{BCD2161A-A3C4-4BBD-91F3-C3E3E245C38B}.Release|Any CPU.Build.0 = Release|Any CPU
		{898188FF-AD8B-4576-8BAA-F3260C0D7F3A}.Debug|Any CPU.ActiveCfg = Debug|Any CPU
		{898188FF-AD8B-4576-8BAA-F3260C0D7F3A}.Debug|Any CPU.Build.0 = Debug|Any CPU
		{898188FF-AD8B-4576-8BAA-F3260C0D7F3A}.Release|Any CPU.ActiveCfg = Release|Any CPU
		{898188FF-AD8B-4576-8BAA-F3260C0D7F3A}.Release|Any CPU.Build.0 = Release|Any CPU
		{2E148773-CAE2-417C-A1E6-508095367663}.Debug|Any CPU.ActiveCfg = Debug|Any CPU
		{2E148773-CAE2-417C-A1E6-508095367663}.Debug|Any CPU.Build.0 = Debug|Any CPU
		{2E148773-CAE2-417C-A1E6-508095367663}.Release|Any CPU.ActiveCfg = Release|Any CPU
		{2E148773-CAE2-417C-A1E6-508095367663}.Release|Any CPU.Build.0 = Release|Any CPU
		{7B7E1EC8-A373-4B86-A8BA-62886240203B}.Debug|Any CPU.ActiveCfg = Debug|Any CPU
		{7B7E1EC8-A373-4B86-A8BA-62886240203B}.Debug|Any CPU.Build.0 = Debug|Any CPU
		{7B7E1EC8-A373-4B86-A8BA-62886240203B}.Release|Any CPU.ActiveCfg = Release|Any CPU
		{7B7E1EC8-A373-4B86-A8BA-62886240203B}.Release|Any CPU.Build.0 = Release|Any CPU
		{DCF6476B-2980-4BAB-84AA-2996015BB048}.Debug|Any CPU.ActiveCfg = Debug|Any CPU
		{DCF6476B-2980-4BAB-84AA-2996015BB048}.Debug|Any CPU.Build.0 = Debug|Any CPU
		{DCF6476B-2980-4BAB-84AA-2996015BB048}.Release|Any CPU.ActiveCfg = Release|Any CPU
		{DCF6476B-2980-4BAB-84AA-2996015BB048}.Release|Any CPU.Build.0 = Release|Any CPU
		{9EE8C632-8CF1-4137-9C19-F46741ED8301}.Debug|Any CPU.ActiveCfg = Debug|Any CPU
		{9EE8C632-8CF1-4137-9C19-F46741ED8301}.Debug|Any CPU.Build.0 = Debug|Any CPU
		{9EE8C632-8CF1-4137-9C19-F46741ED8301}.Release|Any CPU.ActiveCfg = Release|Any CPU
		{9EE8C632-8CF1-4137-9C19-F46741ED8301}.Release|Any CPU.Build.0 = Release|Any CPU
		{4E518CF5-4037-4F90-9F5A-D9106A609708}.Debug|Any CPU.ActiveCfg = Debug|Any CPU
		{4E518CF5-4037-4F90-9F5A-D9106A609708}.Debug|Any CPU.Build.0 = Debug|Any CPU
		{4E518CF5-4037-4F90-9F5A-D9106A609708}.Release|Any CPU.ActiveCfg = Release|Any CPU
		{4E518CF5-4037-4F90-9F5A-D9106A609708}.Release|Any CPU.Build.0 = Release|Any CPU
		{F9188C56-51DD-42CF-82BA-157A12369328}.Debug|Any CPU.ActiveCfg = Debug|Any CPU
		{F9188C56-51DD-42CF-82BA-157A12369328}.Debug|Any CPU.Build.0 = Debug|Any CPU
		{F9188C56-51DD-42CF-82BA-157A12369328}.Release|Any CPU.ActiveCfg = Release|Any CPU
		{F9188C56-51DD-42CF-82BA-157A12369328}.Release|Any CPU.Build.0 = Release|Any CPU
	EndGlobalSection
	GlobalSection(NestedProjects) = preSolution
		{32E1A33B-0E7E-4F84-B1CE-67095162320A} = {58673451-9B2A-4F1D-86F6-A05B2EA1A6E5}
		{00925092-FACF-443D-BAA3-CEF73062211B} = {58673451-9B2A-4F1D-86F6-A05B2EA1A6E5}
		{CA666E63-C63B-4C1D-B422-E7D12AC5EE3B} = {58673451-9B2A-4F1D-86F6-A05B2EA1A6E5}
		{E2D771EC-DA40-4041-A848-E667F4D45104} = {58673451-9B2A-4F1D-86F6-A05B2EA1A6E5}
		{3F9E6672-E311-480C-8C32-53203647115B} = {6144075E-5978-4F0C-937B-24D1990DD255}
		{EB7B0A1C-50CE-40A6-8F36-5FC8A3E8E457} = {58673451-9B2A-4F1D-86F6-A05B2EA1A6E5}
		{BCD2161A-A3C4-4BBD-91F3-C3E3E245C38B} = {6144075E-5978-4F0C-937B-24D1990DD255}
		{898188FF-AD8B-4576-8BAA-F3260C0D7F3A} = {58673451-9B2A-4F1D-86F6-A05B2EA1A6E5}
		{2E148773-CAE2-417C-A1E6-508095367663} = {58673451-9B2A-4F1D-86F6-A05B2EA1A6E5}
		{7B7E1EC8-A373-4B86-A8BA-62886240203B} = {58673451-9B2A-4F1D-86F6-A05B2EA1A6E5}
		{DCF6476B-2980-4BAB-84AA-2996015BB048} = {6144075E-5978-4F0C-937B-24D1990DD255}
		{9EE8C632-8CF1-4137-9C19-F46741ED8301} = {6144075E-5978-4F0C-937B-24D1990DD255}
		{4E518CF5-4037-4F90-9F5A-D9106A609708} = {6144075E-5978-4F0C-937B-24D1990DD255}
		{F9188C56-51DD-42CF-82BA-157A12369328} = {6144075E-5978-4F0C-937B-24D1990DD255}
	EndGlobalSection
EndGlobal
