{
  "version": 4,
  "terraform_version": "1.7.3",
  "serial": 85,
  "lineage": "d1727237-7182-f395-ff4b-8390db120ddd",
  "outputs": {},
  "resources": [
    {
      "mode": "data",
      "type": "aws_availability_zones",
      "name": "available",
      "provider": "provider[\"registry.terraform.io/hashicorp/aws\"]",
      "instances": [
        {
          "schema_version": 0,
          "attributes": {
            "all_availability_zones": null,
            "exclude_names": null,
            "exclude_zone_ids": null,
            "filter": null,
            "group_names": [
              "us-east-1"
            ],
            "id": "us-east-1",
            "names": [
              "us-east-1a",
              "us-east-1b",
              "us-east-1c",
              "us-east-1d",
              "us-east-1e",
              "us-east-1f"
            ],
            "state": null,
            "timeouts": null,
            "zone_ids": [
              "use1-az6",
              "use1-az1",
              "use1-az2",
              "use1-az4",
              "use1-az3",
              "use1-az5"
            ]
          },
          "sensitive_attributes": []
        }
      ]
    },
    {
      "mode": "data",
      "type": "aws_caller_identity",
      "name": "current",
      "provider": "provider[\"registry.terraform.io/hashicorp/aws\"]",
      "instances": [
        {
          "schema_version": 0,
          "attributes": {
            "account_id": "590183933960",
            "arn": "arn:aws:sts::590183933960:assumed-role/AWSReservedSSO_AdministratorAccess_5e8fffc263b64391/kbolay",
            "id": "590183933960",
            "user_id": "AROAYS2NUFAEDI6HJBDHH:kbolay"
          },
          "sensitive_attributes": []
        }
      ]
    },
    {
      "mode": "data",
      "type": "aws_dynamodb_table",
      "name": "this-collected-pii",
      "provider": "provider[\"registry.terraform.io/hashicorp/aws\"]",
      "instances": [
        {
          "schema_version": 0,
          "attributes": {
            "arn": "arn:aws:dynamodb:us-east-1:590183933960:table/momentum-prd-collected-pii",
            "attribute": [
              {
                "name": "CookieId",
                "type": "S"
              },
              {
                "name": "PiiId",
                "type": "S"
              },
              {
                "name": "UtcTimestamp",
                "type": "N"
              }
            ],
            "billing_mode": "PAY_PER_REQUEST",
            "deletion_protection_enabled": false,
            "global_secondary_index": [
              {
                "hash_key": "CookieId",
                "name": "CookieTimestampIndex",
                "non_key_attributes": [],
                "projection_type": "ALL",
                "range_key": "UtcTimestamp",
                "read_capacity": 0,
                "write_capacity": 0
              }
            ],
            "hash_key": "PiiId",
            "id": "momentum-prd-collected-pii",
            "local_secondary_index": [],
            "name": "momentum-prd-collected-pii",
            "point_in_time_recovery": [
              {
                "enabled": false
              }
            ],
            "range_key": "UtcTimestamp",
            "read_capacity": 0,
            "replica": [],
            "server_side_encryption": [],
            "stream_arn": "arn:aws:dynamodb:us-east-1:590183933960:table/momentum-prd-collected-pii/stream/2024-03-06T20:23:33.170",
            "stream_enabled": true,
            "stream_label": "2024-03-06T20:23:33.170",
            "stream_view_type": "NEW_AND_OLD_IMAGES",
            "table_class": "STANDARD",
            "tags": {
              "Name": "momentum-prd-collected-pii",
              "Production": "true",
              "Project": "tracking-dynamo"
            },
            "ttl": [
              {
                "attribute_name": "",
                "enabled": false
              }
            ],
            "write_capacity": 0
          },
          "sensitive_attributes": []
        }
      ]
    },
    {
      "mode": "data",
      "type": "aws_dynamodb_table",
      "name": "this-page-views",
      "provider": "provider[\"registry.terraform.io/hashicorp/aws\"]",
      "instances": [
        {
          "schema_version": 0,
          "attributes": {
            "arn": "arn:aws:dynamodb:us-east-1:590183933960:table/momentum-prd-page-views",
            "attribute": [
              {
                "name": "CookieId",
                "type": "S"
              },
              {
                "name": "RequestId",
                "type": "S"
              },
              {
                "name": "UtcTimestamp",
                "type": "N"
              }
            ],
            "billing_mode": "PAY_PER_REQUEST",
            "deletion_protection_enabled": false,
            "global_secondary_index": [
              {
                "hash_key": "CookieId",
                "name": "CookieTimestampIndex",
                "non_key_attributes": [],
                "projection_type": "ALL",
                "range_key": "UtcTimestamp",
                "read_capacity": 0,
                "write_capacity": 0
              }
            ],
            "hash_key": "RequestId",
            "id": "momentum-prd-page-views",
            "local_secondary_index": [],
            "name": "momentum-prd-page-views",
            "point_in_time_recovery": [
              {
                "enabled": false
              }
            ],
            "range_key": null,
            "read_capacity": 0,
            "replica": [],
            "server_side_encryption": [],
            "stream_arn": "arn:aws:dynamodb:us-east-1:590183933960:table/momentum-prd-page-views/stream/2024-03-06T20:23:33.168",
            "stream_enabled": true,
            "stream_label": "2024-03-06T20:23:33.168",
            "stream_view_type": "NEW_AND_OLD_IMAGES",
            "table_class": "STANDARD",
            "tags": {
              "Name": "momentum-prd-page-views",
              "Production": "true",
              "Project": "tracking-dynamo"
            },
            "ttl": [
              {
                "attribute_name": "",
                "enabled": false
              }
            ],
            "write_capacity": 0
          },
          "sensitive_attributes": []
        }
      ]
    },
    {
      "mode": "data",
      "type": "aws_dynamodb_table",
      "name": "this-pii",
      "provider": "provider[\"registry.terraform.io/hashicorp/aws\"]",
      "instances": [
        {
          "schema_version": 0,
          "attributes": {
            "arn": "arn:aws:dynamodb:us-east-1:590183933960:table/momentum-prd-pii-values",
            "attribute": [
              {
                "name": "PiiId",
                "type": "S"
              },
              {
                "name": "Value",
                "type": "S"
              }
            ],
            "billing_mode": "PAY_PER_REQUEST",
            "deletion_protection_enabled": false,
            "global_secondary_index": [
              {
                "hash_key": "PiiId",
                "name": "IdIndex",
                "non_key_attributes": [],
                "projection_type": "ALL",
                "range_key": "",
                "read_capacity": 0,
                "write_capacity": 0
              }
            ],
            "hash_key": "Value",
            "id": "momentum-prd-pii-values",
            "local_secondary_index": [],
            "name": "momentum-prd-pii-values",
            "point_in_time_recovery": [
              {
                "enabled": false
              }
            ],
            "range_key": null,
            "read_capacity": 0,
            "replica": [],
            "server_side_encryption": [],
            "stream_arn": "arn:aws:dynamodb:us-east-1:590183933960:table/momentum-prd-pii-values/stream/2024-03-06T20:23:33.168",
            "stream_enabled": true,
            "stream_label": "2024-03-06T20:23:33.168",
            "stream_view_type": "NEW_AND_OLD_IMAGES",
            "table_class": "STANDARD",
            "tags": {
              "Name": "momentum-prd-pii-values",
              "Production": "true",
              "Project": "tracking-dynamo"
            },
            "ttl": [
              {
                "attribute_name": "",
                "enabled": false
              }
            ],
            "write_capacity": 0
          },
          "sensitive_attributes": []
        }
      ]
    },
    {
      "mode": "data",
      "type": "aws_dynamodb_table",
      "name": "this-visits",
      "provider": "provider[\"registry.terraform.io/hashicorp/aws\"]",
      "instances": [
        {
          "schema_version": 0,
          "attributes": {
            "arn": "arn:aws:dynamodb:us-east-1:590183933960:table/momentum-prd-visits",
            "attribute": [
              {
                "name": "CookieId",
                "type": "S"
              },
              {
                "name": "Id",
                "type": "S"
              },
              {
                "name": "IsIdentified",
                "type": "N"
              },
              {
                "name": "UtcExpiration",
                "type": "N"
              },
              {
                "name": "UtcIdentifiedTimestamp",
                "type": "N"
              }
            ],
            "billing_mode": "PAY_PER_REQUEST",
            "deletion_protection_enabled": false,
            "global_secondary_index": [
              {
                "hash_key": "CookieId",
                "name": "VisitExpirationIndex",
                "non_key_attributes": [],
                "projection_type": "ALL",
                "range_key": "UtcExpiration",
                "read_capacity": 0,
                "write_capacity": 0
              },
              {
                "hash_key": "IsIdentified",
                "name": "IdentifiedIndex",
                "non_key_attributes": [],
                "projection_type": "ALL",
                "range_key": "UtcIdentifiedTimestamp",
                "read_capacity": 0,
                "write_capacity": 0
              }
            ],
            "hash_key": "Id",
            "id": "momentum-prd-visits",
            "local_secondary_index": [],
            "name": "momentum-prd-visits",
            "point_in_time_recovery": [
              {
                "enabled": false
              }
            ],
            "range_key": null,
            "read_capacity": 0,
            "replica": [],
            "server_side_encryption": [],
            "stream_arn": "",
            "stream_enabled": false,
            "stream_label": "",
            "stream_view_type": "",
            "table_class": "STANDARD",
            "tags": {
              "Name": "momentum-prd-identified-visits",
              "Production": "true",
              "Project": "tracking-dynamo"
            },
            "ttl": [
              {
                "attribute_name": "",
                "enabled": false
              }
            ],
            "write_capacity": 0
          },
          "sensitive_attributes": []
        }
      ]
    },
    {
      "mode": "data",
      "type": "aws_ecr_image",
      "name": "this-image",
      "provider": "provider[\"registry.terraform.io/hashicorp/aws\"]",
      "instances": [
        {
          "schema_version": 0,
          "attributes": {
            "id": "sha256:c4aa820b49355087b87536c2e520cad1aa3bb3c2268cae34ed8ac4251ebcab8b",
            "image_digest": "sha256:c4aa820b49355087b87536c2e520cad1aa3bb3c2268cae34ed8ac4251ebcab8b",
            "image_pushed_at": 1711475981,
            "image_size_in_bytes": 145414559,
            "image_tag": "1.0.9",
            "image_tags": [
              "1.0.9"
            ],
            "image_uri": "590183933960.dkr.ecr.us-east-1.amazonaws.com/momentum-analytics-api-repo@sha256:c4aa820b49355087b87536c2e520cad1aa3bb3c2268cae34ed8ac4251ebcab8b",
            "most_recent": null,
            "registry_id": "590183933960",
            "repository_name": "momentum-analytics-api-repo"
          },
          "sensitive_attributes": []
        }
      ]
    },
    {
      "mode": "data",
      "type": "aws_iam_policy_document",
      "name": "assume_role",
      "provider": "provider[\"registry.terraform.io/hashicorp/aws\"]",
      "instances": [
        {
          "schema_version": 0,
          "attributes": {
            "id": "2690255455",
            "json": "{\n  \"Version\": \"2012-10-17\",\n  \"Statement\": [\n    {\n      \"Effect\": \"Allow\",\n      \"Action\": \"sts:AssumeRole\",\n      \"Principal\": {\n        \"Service\": \"lambda.amazonaws.com\"\n      }\n    }\n  ]\n}",
            "override_json": null,
            "override_policy_documents": null,
            "policy_id": null,
            "source_json": null,
            "source_policy_documents": null,
            "statement": [
              {
                "actions": [
                  "sts:AssumeRole"
                ],
                "condition": [],
                "effect": "Allow",
                "not_actions": [],
                "not_principals": [],
                "not_resources": [],
                "principals": [
                  {
                    "identifiers": [
                      "lambda.amazonaws.com"
                    ],
                    "type": "Service"
                  }
                ],
                "resources": [],
                "sid": ""
              }
            ],
            "version": "2012-10-17"
          },
          "sensitive_attributes": []
        }
      ]
    },
    {
      "mode": "data",
      "type": "aws_subnets",
      "name": "private",
      "provider": "provider[\"registry.terraform.io/hashicorp/aws\"]",
      "instances": [
        {
          "schema_version": 0,
          "attributes": {
            "filter": [
              {
                "name": "vpc-id",
                "values": [
                  "vpc-0b4e1644aaf349697"
                ]
              }
            ],
            "id": "us-east-1",
            "ids": [
              "subnet-05c5866082545338f",
              "subnet-0e0dc169905be6d13",
              "subnet-0c1122421f679bde4"
            ],
            "tags": null,
            "timeouts": null
          },
          "sensitive_attributes": []
        }
      ]
    },
    {
      "mode": "data",
      "type": "aws_vpc",
      "name": "this-vpc",
      "provider": "provider[\"registry.terraform.io/hashicorp/aws\"]",
      "instances": [
        {
          "schema_version": 0,
          "attributes": {
            "arn": "arn:aws:ec2:us-east-1:590183933960:vpc/vpc-0b4e1644aaf349697",
            "cidr_block": "10.0.0.0/16",
            "cidr_block_associations": [
              {
                "association_id": "vpc-cidr-assoc-0c2fe3e34b84e2bc5",
                "cidr_block": "10.0.0.0/16",
                "state": "associated"
              }
            ],
            "default": false,
            "dhcp_options_id": "dopt-05b48733a3c5a9928",
            "enable_dns_hostnames": true,
            "enable_dns_support": true,
            "enable_network_address_usage_metrics": false,
            "filter": null,
            "id": "vpc-0b4e1644aaf349697",
            "instance_tenancy": "default",
            "ipv6_association_id": "",
            "ipv6_cidr_block": "",
            "main_route_table_id": "rtb-0db0249dd6a984a3e",
            "owner_id": "590183933960",
            "state": null,
            "tags": {
              "Name": "momentum-prd-vpc-0",
              "Production": "true",
              "Project": "infra-vpc"
            },
            "timeouts": null
          },
          "sensitive_attributes": []
        }
      ]
    },
    {
      "mode": "managed",
      "type": "aws_api_gateway_deployment",
      "name": "this-api-deploy",
      "provider": "provider[\"registry.terraform.io/hashicorp/aws\"]",
      "instances": [
        {
          "schema_version": 0,
          "attributes": {
            "created_date": "2024-03-26T18:44:14Z",
            "description": "",
            "execution_arn": "arn:aws:execute-api:us-east-1:590183933960:jz4fayq8k7/",
            "id": "8hc6v1",
            "invoke_url": "https://jz4fayq8k7.execute-api.us-east-1.amazonaws.com/",
            "rest_api_id": "jz4fayq8k7",
            "stage_description": null,
            "stage_name": null,
            "triggers": {
              "redeployment": "fac8183b765941fc60b27d80a07287f48254c22c"
            },
            "variables": null
          },
          "sensitive_attributes": [],
          "private": "bnVsbA==",
          "dependencies": [
            "aws_api_gateway_rest_api.this-api-0",
            "aws_iam_role.this-lambda-role",
            "aws_lambda_function.this-api-0",
            "data.aws_caller_identity.current",
            "data.aws_ecr_image.this-image",
            "data.aws_iam_policy_document.assume_role"
          ],
          "create_before_destroy": true
        }
      ]
    },
    {
      "mode": "managed",
      "type": "aws_api_gateway_rest_api",
      "name": "this-api-0",
      "provider": "provider[\"registry.terraform.io/hashicorp/aws\"]",
      "instances": [
        {
          "schema_version": 0,
          "attributes": {
            "api_key_source": "HEADER",
            "arn": "arn:aws:apigateway:us-east-1::/restapis/jz4fayq8k7",
            "binary_media_types": [],
            "body": "{\"info\":{\"description\":\"A microservice for momentum-prd-analytics-api-0 in the prd environment.\",\"title\":\"momentum-prd-analytics-api-0\",\"version\":\"v1\"},\"openapi\":\"3.0.1\",\"paths\":{\"/{proxy+}\":{\"x-amazon-apigateway-any-method\":{\"parameters\":[{\"in\":\"path\",\"name\":\"proxy\",\"required\":true,\"type\":\"string\"}],\"produces\":[\"*/*\"],\"responses\":{},\"x-amazon-apigateway-integration\":{\"contentHandling\":\"CONVERT_TO_TEXT\",\"httpMethod\":\"POST\",\"passthroughBehavior\":\"when_no_match\",\"responses\":{\"default\":{\"statusCode\":\"200\"}},\"type\":\"aws_proxy\",\"uri\":\"arn:aws:apigateway:us-east-1:lambda:path/2015-03-31/functions/arn:aws:lambda:us-east-1:590183933960:function:momentum-prd-analytics-api-0/invocations\"}}}}}",
            "created_date": "2024-03-26T17:07:18Z",
            "description": "A microservice for momentum-prd-analytics-api-0 in the prd environment.",
            "disable_execute_api_endpoint": false,
            "endpoint_configuration": [
              {
                "types": [
                  "REGIONAL"
                ],
                "vpc_endpoint_ids": []
              }
            ],
            "execution_arn": "arn:aws:execute-api:us-east-1:590183933960:jz4fayq8k7",
            "fail_on_warnings": null,
            "id": "jz4fayq8k7",
            "minimum_compression_size": "",
            "name": "momentum-prd-analytics-api",
            "parameters": null,
            "policy": "",
            "put_rest_api_mode": null,
            "root_resource_id": "9vnuy27x1a",
            "tags": {
              "Environment": "prd",
              "Name": "momentum-prd-analytics-api-0",
              "Production": "true",
              "Project": "analytics-api"
            },
            "tags_all": {
              "Environment": "prd",
              "Name": "momentum-prd-analytics-api-0",
              "Production": "true",
              "Project": "analytics-api"
            }
          },
          "sensitive_attributes": [],
          "private": "bnVsbA==",
          "dependencies": [
            "aws_iam_role.this-lambda-role",
            "aws_lambda_function.this-api-0",
            "data.aws_caller_identity.current",
            "data.aws_ecr_image.this-image",
            "data.aws_iam_policy_document.assume_role"
          ],
          "create_before_destroy": true
        }
      ]
    },
    {
      "mode": "managed",
      "type": "aws_api_gateway_stage",
      "name": "this-api-stage",
      "provider": "provider[\"registry.terraform.io/hashicorp/aws\"]",
      "instances": [
        {
          "schema_version": 0,
          "attributes": {
            "access_log_settings": [],
            "arn": "arn:aws:apigateway:us-east-1::/restapis/jz4fayq8k7/stages/prd",
            "cache_cluster_enabled": false,
            "cache_cluster_size": "",
            "canary_settings": [],
            "client_certificate_id": "",
            "deployment_id": "8hc6v1",
            "description": "",
            "documentation_version": "",
            "execution_arn": "arn:aws:execute-api:us-east-1:590183933960:jz4fayq8k7/prd",
            "id": "ags-jz4fayq8k7-prd",
            "invoke_url": "https://jz4fayq8k7.execute-api.us-east-1.amazonaws.com/prd",
            "rest_api_id": "jz4fayq8k7",
            "stage_name": "prd",
            "tags": {},
            "tags_all": {},
            "variables": {},
            "web_acl_arn": "",
            "xray_tracing_enabled": false
          },
          "sensitive_attributes": [],
          "private": "bnVsbA==",
          "dependencies": [
            "aws_api_gateway_deployment.this-api-deploy",
            "aws_api_gateway_rest_api.this-api-0",
            "aws_iam_role.this-lambda-role",
            "aws_lambda_function.this-api-0",
            "data.aws_caller_identity.current",
            "data.aws_ecr_image.this-image",
            "data.aws_iam_policy_document.assume_role"
          ]
        }
      ]
    },
    {
      "mode": "managed",
      "type": "aws_cloudwatch_log_group",
      "name": "api-log-group",
      "provider": "provider[\"registry.terraform.io/hashicorp/aws\"]",
      "instances": [
        {
          "schema_version": 0,
          "attributes": {
            "arn": "arn:aws:logs:us-east-1:590183933960:log-group:/aws/lambda/momentum-prd-analytics-api-0",
            "id": "/aws/lambda/momentum-prd-analytics-api-0",
            "kms_key_id": "",
            "log_group_class": "STANDARD",
            "name": "/aws/lambda/momentum-prd-analytics-api-0",
            "name_prefix": "",
            "retention_in_days": 365,
            "skip_destroy": false,
            "tags": {
              "Environment": "prd",
              "Name": "momentum-prd-analytics-api-0",
              "Production": "true",
              "Project": "analytics-api"
            },
            "tags_all": {
              "Environment": "prd",
              "Name": "momentum-prd-analytics-api-0",
              "Production": "true",
              "Project": "analytics-api"
            }
          },
          "sensitive_attributes": [],
          "private": "bnVsbA=="
        }
      ]
    },
    {
      "mode": "managed",
      "type": "aws_iam_role",
      "name": "this-lambda-role",
      "provider": "provider[\"registry.terraform.io/hashicorp/aws\"]",
      "instances": [
        {
          "schema_version": 0,
          "attributes": {
            "arn": "arn:aws:iam::590183933960:role/momentum-prd-analytics-api-role",
            "assume_role_policy": "{\"Statement\":[{\"Action\":\"sts:AssumeRole\",\"Effect\":\"Allow\",\"Principal\":{\"Service\":\"lambda.amazonaws.com\"}}],\"Version\":\"2012-10-17\"}",
            "create_date": "2024-03-26T17:06:56Z",
            "description": "",
            "force_detach_policies": false,
            "id": "momentum-prd-analytics-api-role",
            "inline_policy": [],
            "managed_policy_arns": [
              "arn:aws:iam::aws:policy/service-role/AWSLambdaVPCAccessExecutionRole"
            ],
            "max_session_duration": 3600,
            "name": "momentum-prd-analytics-api-role",
            "name_prefix": "",
            "path": "/",
            "permissions_boundary": "",
            "tags": {},
            "tags_all": {},
            "unique_id": "AROAYS2NUFAEDJIVRWIXA"
          },
          "sensitive_attributes": [],
          "private": "bnVsbA==",
          "dependencies": [
            "data.aws_iam_policy_document.assume_role"
          ],
          "create_before_destroy": true
        }
      ]
    },
    {
      "mode": "managed",
      "type": "aws_iam_role_policy",
      "name": "this-lambda-dynamo",
      "provider": "provider[\"registry.terraform.io/hashicorp/aws\"]",
      "instances": [
        {
          "schema_version": 0,
          "attributes": {
            "id": "momentum-prd-analytics-api-role:momentum-prd-analytics-api-dynamo-policy",
            "name": "momentum-prd-analytics-api-dynamo-policy",
            "name_prefix": "",
            "policy": "{\"Version\":\"2012-10-17\",\"Statement\":[{\"Action\":[\"dynamodb:PutItem\",\"dynamodb:GetItem\"],\"Effect\":\"Allow\",\"Resource\":[\"arn:aws:dynamodb:us-east-1:590183933960:table/momentum-prd-page-views\",\"arn:aws:dynamodb:us-east-1:590183933960:table/momentum-prd-pii-values\",\"arn:aws:dynamodb:us-east-1:590183933960:table/momentum-prd-collected-pii\"]}]}",
            "role": "momentum-prd-analytics-api-role"
          },
          "sensitive_attributes": [],
          "private": "bnVsbA==",
          "dependencies": [
            "aws_iam_role.this-lambda-role",
            "data.aws_dynamodb_table.this-collected-pii",
            "data.aws_dynamodb_table.this-page-views",
            "data.aws_dynamodb_table.this-pii",
            "data.aws_iam_policy_document.assume_role"
          ]
        }
      ]
    },
    {
      "mode": "managed",
      "type": "aws_iam_role_policy_attachment",
      "name": "this-lambda-vpc-policy",
      "provider": "provider[\"registry.terraform.io/hashicorp/aws\"]",
      "instances": [
        {
          "schema_version": 0,
          "attributes": {
            "id": "momentum-prd-analytics-api-role-20240326170656424100000001",
            "policy_arn": "arn:aws:iam::aws:policy/service-role/AWSLambdaVPCAccessExecutionRole",
            "role": "momentum-prd-analytics-api-role"
          },
          "sensitive_attributes": [],
          "private": "bnVsbA==",
          "dependencies": [
            "aws_iam_role.this-lambda-role",
            "data.aws_iam_policy_document.assume_role"
          ]
        }
      ]
    },
    {
      "mode": "managed",
      "type": "aws_lambda_function",
      "name": "this-api-0",
      "provider": "provider[\"registry.terraform.io/hashicorp/aws\"]",
      "instances": [
        {
          "schema_version": 0,
          "attributes": {
            "architectures": [
              "x86_64"
            ],
            "arn": "arn:aws:lambda:us-east-1:590183933960:function:momentum-prd-analytics-api-0",
            "code_signing_config_arn": "",
            "dead_letter_config": [],
            "description": "",
            "environment": [
              {
                "variables": {
                  "NAME": "VALUE"
                }
              }
            ],
            "ephemeral_storage": [
              {
                "size": 512
              }
            ],
            "file_system_config": [],
            "filename": null,
            "function_name": "momentum-prd-analytics-api-0",
            "handler": "",
            "id": "momentum-prd-analytics-api-0",
            "image_config": [],
            "image_uri": "590183933960.dkr.ecr.us-east-1.amazonaws.com/momentum-analytics-api-repo@sha256:c4aa820b49355087b87536c2e520cad1aa3bb3c2268cae34ed8ac4251ebcab8b",
            "invoke_arn": "arn:aws:apigateway:us-east-1:lambda:path/2015-03-31/functions/arn:aws:lambda:us-east-1:590183933960:function:momentum-prd-analytics-api-0/invocations",
            "kms_key_arn": "",
            "last_modified": "2024-03-26T18:00:28.000+0000",
            "layers": [],
            "logging_config": [
              {
                "application_log_level": "",
                "log_format": "Text",
                "log_group": "/aws/lambda/momentum-prd-analytics-api-0",
                "system_log_level": ""
              }
            ],
            "memory_size": 1024,
            "package_type": "Image",
            "publish": false,
            "qualified_arn": "arn:aws:lambda:us-east-1:590183933960:function:momentum-prd-analytics-api-0:$LATEST",
            "qualified_invoke_arn": "arn:aws:apigateway:us-east-1:lambda:path/2015-03-31/functions/arn:aws:lambda:us-east-1:590183933960:function:momentum-prd-analytics-api-0:$LATEST/invocations",
            "replace_security_groups_on_destroy": null,
            "replacement_security_group_ids": null,
            "reserved_concurrent_executions": -1,
            "role": "arn:aws:iam::590183933960:role/momentum-prd-analytics-api-role",
            "runtime": "",
            "s3_bucket": null,
            "s3_key": null,
            "s3_object_version": null,
            "signing_job_arn": "",
            "signing_profile_version_arn": "",
            "skip_destroy": false,
            "snap_start": [],
            "source_code_hash": "c4aa820b49355087b87536c2e520cad1aa3bb3c2268cae34ed8ac4251ebcab8b",
            "source_code_size": 0,
            "tags": {
              "Environment": "prd",
              "Name": "momentum-prd-analytics-api-0",
              "Production": "true",
              "Project": "analytics-api"
            },
            "tags_all": {
              "Environment": "prd",
              "Name": "momentum-prd-analytics-api-0",
              "Production": "true",
              "Project": "analytics-api"
            },
            "timeout": 60,
            "timeouts": null,
            "tracing_config": [
              {
                "mode": "PassThrough"
              }
            ],
            "version": "$LATEST",
            "vpc_config": []
          },
          "sensitive_attributes": [],
          "private": "eyJlMmJmYjczMC1lY2FhLTExZTYtOGY4OC0zNDM2M2JjN2M0YzAiOnsiY3JlYXRlIjo2MDAwMDAwMDAwMDAsImRlbGV0ZSI6NjAwMDAwMDAwMDAwLCJ1cGRhdGUiOjYwMDAwMDAwMDAwMH19",
          "dependencies": [
            "aws_iam_role.this-lambda-role",
            "data.aws_ecr_image.this-image",
            "data.aws_iam_policy_document.assume_role"
          ],
          "create_before_destroy": true
        }
      ]
    },
    {
      "mode": "managed",
      "type": "aws_lambda_permission",
      "name": "this-lambda-permission",
      "provider": "provider[\"registry.terraform.io/hashicorp/aws\"]",
      "instances": [
        {
          "schema_version": 0,
          "attributes": {
            "action": "lambda:InvokeFunction",
            "event_source_token": null,
            "function_name": "momentum-prd-analytics-api-0",
            "function_url_auth_type": null,
            "id": "AllowExecutionFromAPIGateway",
            "principal": "apigateway.amazonaws.com",
            "principal_org_id": null,
            "qualifier": "",
            "source_account": null,
            "source_arn": "arn:aws:execute-api:us-east-1:590183933960:jz4fayq8k7/*",
            "statement_id": "AllowExecutionFromAPIGateway",
            "statement_id_prefix": ""
          },
          "sensitive_attributes": [],
          "private": "bnVsbA==",
          "dependencies": [
            "aws_api_gateway_rest_api.this-api-0",
            "aws_iam_role.this-lambda-role",
            "aws_lambda_function.this-api-0",
            "data.aws_caller_identity.current",
            "data.aws_ecr_image.this-image",
            "data.aws_iam_policy_document.assume_role"
          ]
        }
      ]
    }
  ],
  "check_results": null
}
