{
  "version": 4,
  "terraform_version": "1.7.3",
  "serial": 130,
  "lineage": "d1727237-7182-f395-ff4b-8390db120ddd",
  "outputs": {},
  "resources": [
    {
      "mode": "data",
      "type": "aws_acm_certificate",
      "name": "cert",
      "provider": "provider[\"registry.terraform.io/hashicorp/aws\"]",
      "instances": [
        {
          "schema_version": 0,
          "attributes": {
            "arn": "arn:aws:acm:us-east-1:590183933960:certificate/5f4fa762-ffdb-4169-b3f9-1ad607283cde",
            "certificate": "-----BEGIN CERTIFICATE-----\nMIIF4zCCBMugAwIBAgIQA71t9mDSMUTYjOEjFxX1hjANBgkqhkiG9w0BAQsFADA8\nMQswCQYDVQQGEwJVUzEPMA0GA1UEChMGQW1hem9uMRwwGgYDVQQDExNBbWF6b24g\nUlNBIDIwNDggTTAzMB4XDTI0MDQwODAwMDAwMFoXDTI1MDUwNzIzNTk1OVowHDEa\nMBgGA1UEAxMRbWxsLWFuYWx5dGljcy5jb20wggEiMA0GCSqGSIb3DQEBAQUAA4IB\nDwAwggEKAoIBAQC16p1xYLT/zg7+z/egmnv5ZezAv8IyKxcVdcopF/NsQ99ggmdk\naMBR8jP99A7KyQF+IWma5A3jUg8KpXDaEIkeBM1b6EuxbCdEekghBYHskgSQmJay\ngR4PYD8nx0LeTGvJ8uH7b9XDMuHhK0zfCoC/+wtihjaMxOgOr3keTivT+MCpsawl\nj/yJb3wpMPxypeT7Rmrkb9TWXY+s+0dadNi9/E7N2QkTd/G4J6dSBhkfGGQjZ/HO\nvFZOARvCavHdrMlCqadL7FV8PkbNmJhHkz6Rng8hL34P646EU23AoIPPmGQnvXcg\nrbju6S0uWUzJ1D7IRwfK+2+6PVmMGMWaq7AXAgMBAAGjggL/MIIC+zAfBgNVHSME\nGDAWgBRV2Rhf0hzMAeFYtL6r2VVCAdcuAjAdBgNVHQ4EFgQUeVBGDraElTnAmwfp\nCMX6+WVsWggwMQYDVR0RBCowKIIRbWxsLWFuYWx5dGljcy5jb22CEyoubWxsLWFu\nYWx5dGljcy5jb20wEwYDVR0gBAwwCjAIBgZngQwBAgEwDgYDVR0PAQH/BAQDAgWg\nMB0GA1UdJQQWMBQGCCsGAQUFBwMBBggrBgEFBQcDAjA7BgNVHR8ENDAyMDCgLqAs\nhipodHRwOi8vY3JsLnIybTAzLmFtYXpvbnRydXN0LmNvbS9yMm0wMy5jcmwwdQYI\nKwYBBQUHAQEEaTBnMC0GCCsGAQUFBzABhiFodHRwOi8vb2NzcC5yMm0wMy5hbWF6\nb250cnVzdC5jb20wNgYIKwYBBQUHMAKGKmh0dHA6Ly9jcnQucjJtMDMuYW1hem9u\ndHJ1c3QuY29tL3IybTAzLmNlcjAMBgNVHRMBAf8EAjAAMIIBfgYKKwYBBAHWeQIE\nAgSCAW4EggFqAWgAdgBOdaMnXJoQwzhbbNTfP1LrHfDgjhuNacCx+mSxYpo53wAA\nAY6+VCnoAAAEAwBHMEUCIARvcRBqdI9xzGQUXbqYhbADM65jpq+Zfzx1Ug11k3Lx\nAiEA7uNM+KNjUtXUyhnFNr716ttxtZAOMvWKt/YZQmbof/cAdQB9WR4S4Xgqexxh\nZ3xe/fjQh1wUoE6VnrkDL9kOjC55uAAAAY6+VCoDAAAEAwBGMEQCICoyv+0/EQM0\n4LuNnob6PpLymfic/ps/qcHW0YKVzDM6AiA0zP2FLshRzDeG2ohG+JcOCyUnxcbT\nY8hwmgs95PnU8QB3AObSMWNAd4zBEEEG13G5zsHSQPaWhIb7uocyHf0eN45QAAAB\njr5UKasAAAQDAEgwRgIhAJJje2nZuUKm8X2hmZ9PbQg4q7ALn7yIOSGrReQPp7LS\nAiEA06N3FwQpDSIfkId8KKX1Z2vDID576VJpG+T8urbbW5YwDQYJKoZIhvcNAQEL\nBQADggEBAIDUD/aqFMI1+Wo5jAaB516uAm1LJJA0Y01pJ2RJqJTEb2mEjPE0+Ile\n7oyoyNJl8c/z/9FGPC66aTSFGFnOnasogFxM0Fzz2eyBd+dwIxmuWJsTwA1AM31/\nBjD+oUU/GgLuGqbxsy4QTv1vEjsQhglWxxazPBzVGkG3/aMyCYMuOf6Ymyd8WZY9\nAJP+QEwWYV6W40x8uuazfKLD8DZiTkvNbMaekWKCJ4oIUEz3RfCNIvENY7EeNIPQ\n+/2RDGcneIbhx6UpeqRvdHqGqI0YL0eFFj0az5B6sPOe1FE+DGgRgE+lYGeA6x/S\npkbFFZUymz+0hvgcmtHcPuNj5Bzn9QM=\n-----END CERTIFICATE-----\n",
            "certificate_chain": "-----BEGIN CERTIFICATE-----\nMIIEXjCCA0agAwIBAgITB3MSTNQG0mfAmRzdKZqfODF5hTANBgkqhkiG9w0BAQsF\nADA5MQswCQYDVQQGEwJVUzEPMA0GA1UEChMGQW1hem9uMRkwFwYDVQQDExBBbWF6\nb24gUm9vdCBDQSAxMB4XDTIyMDgyMzIyMjYwNFoXDTMwMDgyMzIyMjYwNFowPDEL\nMAkGA1UEBhMCVVMxDzANBgNVBAoTBkFtYXpvbjEcMBoGA1UEAxMTQW1hem9uIFJT\nQSAyMDQ4IE0wMzCCASIwDQYJKoZIhvcNAQEBBQADggEPADCCAQoCggEBALd/pVko\n8vuM475Tf45HV3BbCl/B9Jy89G1CRkFjcPY06WA9lS+7dWbUA7GtWUKoksr69hKM\nwcMsNpxlw7b3jeXFgxB09/nmalcAWtnLzF+LaDKEA5DQmvKzuh1nfIfqEiKCQSmX\nXh09Xs+dO7cm5qbaL2hhNJCSAejciwcvOFgFNgEMR42wm6KIFHsQW28jhA+1u/M0\np6fVwReuEgZfLfdx82Px0LJck3lST3EB/JfbdsdOzzzg5YkY1dfuqf8y5fUeZ7Cz\nWXbTjujwX/TovmeWKA36VLCz75azW6tDNuDn66FOpADZZ9omVaF6BqNJiLMVl6P3\n/c0OiUMC6Z5OfKcCAwEAAaOCAVowggFWMBIGA1UdEwEB/wQIMAYBAf8CAQAwDgYD\nVR0PAQH/BAQDAgGGMB0GA1UdJQQWMBQGCCsGAQUFBwMBBggrBgEFBQcDAjAdBgNV\nHQ4EFgQUVdkYX9IczAHhWLS+q9lVQgHXLgIwHwYDVR0jBBgwFoAUhBjMhTTsvAyU\nlC4IWZzHshBOCggwewYIKwYBBQUHAQEEbzBtMC8GCCsGAQUFBzABhiNodHRwOi8v\nb2NzcC5yb290Y2ExLmFtYXpvbnRydXN0LmNvbTA6BggrBgEFBQcwAoYuaHR0cDov\nL2NydC5yb290Y2ExLmFtYXpvbnRydXN0LmNvbS9yb290Y2ExLmNlcjA/BgNVHR8E\nODA2MDSgMqAwhi5odHRwOi8vY3JsLnJvb3RjYTEuYW1hem9udHJ1c3QuY29tL3Jv\nb3RjYTEuY3JsMBMGA1UdIAQMMAowCAYGZ4EMAQIBMA0GCSqGSIb3DQEBCwUAA4IB\nAQAGjeWm2cC+3z2MzSCnte46/7JZvj3iQZDY7EvODNdZF41n71Lrk9kbfNwerK0d\nVNzW36Wefr7j7ZSwBVg50W5ay65jNSN74TTQV1yt4WnSbVvN6KlMs1hiyOZdoHKs\nKDV2UGNxbdoBYCQNa2GYF8FQIWLugNp35aSOpMy6cFlymFQomIrnOQHwK1nvVY4q\nxDSJMU/gNJz17D8ArPN3ngnyZ2TwepJ0uBINz3G5te2rdFUF4i4Y3Bb7FUlHDYm4\nu8aIRGpk2ZpfXmxaoxnbIBZRvGLPSUuPwnwoUOMsJ8jirI5vs2dvchPb7MtI1rle\ni02f2ivH2vxkjDLltSpe2fiC\n-----END CERTIFICATE-----\n-----BEGIN CERTIFICATE-----\nMIIEkjCCA3qgAwIBAgITBn+USionzfP6wq4rAfkI7rnExjANBgkqhkiG9w0BAQsF\nADCBmDELMAkGA1UEBhMCVVMxEDAOBgNVBAgTB0FyaXpvbmExEzARBgNVBAcTClNj\nb3R0c2RhbGUxJTAjBgNVBAoTHFN0YXJmaWVsZCBUZWNobm9sb2dpZXMsIEluYy4x\nOzA5BgNVBAMTMlN0YXJmaWVsZCBTZXJ2aWNlcyBSb290IENlcnRpZmljYXRlIEF1\ndGhvcml0eSAtIEcyMB4XDTE1MDUyNTEyMDAwMFoXDTM3MTIzMTAxMDAwMFowOTEL\nMAkGA1UEBhMCVVMxDzANBgNVBAoTBkFtYXpvbjEZMBcGA1UEAxMQQW1hem9uIFJv\nb3QgQ0EgMTCCASIwDQYJKoZIhvcNAQEBBQADggEPADCCAQoCggEBALJ4gHHKeNXj\nca9HgFB0fW7Y14h29Jlo91ghYPl0hAEvrAIthtOgQ3pOsqTQNroBvo3bSMgHFzZM\n9O6II8c+6zf1tRn4SWiw3te5djgdYZ6k/oI2peVKVuRF4fn9tBb6dNqcmzU5L/qw\nIFAGbHrQgLKm+a/sRxmPUDgH3KKHOVj4utWp+UhnMJbulHheb4mjUcAwhmahRWa6\nVOujw5H5SNz/0egwLX0tdHA114gk957EWW67c4cX8jJGKLhD+rcdqsq08p8kDi1L\n93FcXmn/6pUCyziKrlA4b9v7LWIbxcceVOF34GfID5yHI9Y/QCB/IIDEgEw+OyQm\njgSubJrIqg0CAwEAAaOCATEwggEtMA8GA1UdEwEB/wQFMAMBAf8wDgYDVR0PAQH/\nBAQDAgGGMB0GA1UdDgQWBBSEGMyFNOy8DJSULghZnMeyEE4KCDAfBgNVHSMEGDAW\ngBScXwDfqgHXMCs4iKK4bUqc8hGRgzB4BggrBgEFBQcBAQRsMGowLgYIKwYBBQUH\nMAGGImh0dHA6Ly9vY3NwLnJvb3RnMi5hbWF6b250cnVzdC5jb20wOAYIKwYBBQUH\nMAKGLGh0dHA6Ly9jcnQucm9vdGcyLmFtYXpvbnRydXN0LmNvbS9yb290ZzIuY2Vy\nMD0GA1UdHwQ2MDQwMqAwoC6GLGh0dHA6Ly9jcmwucm9vdGcyLmFtYXpvbnRydXN0\nLmNvbS9yb290ZzIuY3JsMBEGA1UdIAQKMAgwBgYEVR0gADANBgkqhkiG9w0BAQsF\nAAOCAQEAYjdCXLwQtT6LLOkMm2xF4gcAevnFWAu5CIw+7bMlPLVvUOTNNWqnkzSW\nMiGpSESrnO09tKpzbeR/FoCJbM8oAxiDR3mjEH4wW6w7sGDgd9QIpuEdfF7Au/ma\neyKdpwAJfqxGF4PcnCZXmTA5YpaP7dreqsXMGz7KQ2hsVxa81Q4gLv7/wmpdLqBK\nbRRYh5TmOTFffHPLkIhqhBGWJ6bt2YFGpn6jcgAKUj6DiAdjd4lpFw85hdKrCEVN\n0FE6/V1dN2RMfjCyVSRCnTawXZwXgWHxyvkQAiSr6w10kY17RSlQOYiypok1JR4U\nakcjMS9cmvqtmg5iUaQqqcT5NJ0hGA==\n-----END CERTIFICATE-----\n-----BEGIN CERTIFICATE-----\nMIIEdTCCA12gAwIBAgIJAKcOSkw0grd/MA0GCSqGSIb3DQEBCwUAMGgxCzAJBgNV\nBAYTAlVTMSUwIwYDVQQKExxTdGFyZmllbGQgVGVjaG5vbG9naWVzLCBJbmMuMTIw\nMAYDVQQLEylTdGFyZmllbGQgQ2xhc3MgMiBDZXJ0aWZpY2F0aW9uIEF1dGhvcml0\neTAeFw0wOTA5MDIwMDAwMDBaFw0zNDA2MjgxNzM5MTZaMIGYMQswCQYDVQQGEwJV\nUzEQMA4GA1UECBMHQXJpem9uYTETMBEGA1UEBxMKU2NvdHRzZGFsZTElMCMGA1UE\nChMcU3RhcmZpZWxkIFRlY2hub2xvZ2llcywgSW5jLjE7MDkGA1UEAxMyU3RhcmZp\nZWxkIFNlcnZpY2VzIFJvb3QgQ2VydGlmaWNhdGUgQXV0aG9yaXR5IC0gRzIwggEi\nMA0GCSqGSIb3DQEBAQUAA4IBDwAwggEKAoIBAQDVDDrEKvlO4vW+GZdfjohTsR8/\ny8+fIBNtKTrID30892t2OGPZNmCom15cAICyL1l/9of5JUOG52kbUpqQ4XHj2C0N\nTm/2yEnZtvMaVq4rtnQU68/7JuMauh2WLmo7WJSJR1b/JaCTcFOD2oR0FMNnngRo\nOt+OQFodSk7PQ5E751bWAHDLUu57fa4657wx+UX2wmDPE1kCK4DMNEffud6QZW0C\nzyyRpqbn3oUYSXxmTqM6bam17jQuug0DuDPfR+uxa40l2ZvOgdFFRjKWcIfeAg5J\nQ4W2bHO7ZOphQazJ1FTfhy/HIrImzJ9ZVGif/L4qL8RVHHVAYBeFAlU5i38FAgMB\nAAGjgfAwge0wDwYDVR0TAQH/BAUwAwEB/zAOBgNVHQ8BAf8EBAMCAYYwHQYDVR0O\nBBYEFJxfAN+qAdcwKziIorhtSpzyEZGDMB8GA1UdIwQYMBaAFL9ft9HO3R+G9FtV\nrNzXEMIOqYjnME8GCCsGAQUFBwEBBEMwQTAcBggrBgEFBQcwAYYQaHR0cDovL28u\nc3MyLnVzLzAhBggrBgEFBQcwAoYVaHR0cDovL3guc3MyLnVzL3guY2VyMCYGA1Ud\nHwQfMB0wG6AZoBeGFWh0dHA6Ly9zLnNzMi51cy9yLmNybDARBgNVHSAECjAIMAYG\nBFUdIAAwDQYJKoZIhvcNAQELBQADggEBACMd44pXyn3pF3lM8R5V/cxTbj5HD9/G\nVfKyBDbtgB9TxF00KGu+x1X8Z+rLP3+QsjPNG1gQggL4+C/1E2DUBc7xgQjB3ad1\nl08YuW3e95ORCLp+QCztweq7dp4zBncdDQh/U90bZKuCJ/Fp1U1ervShw3WnWEQt\n8jxwmKy6abaVd38PMV4s/KCHOkdp8Hlf9BRUpJVeEXgSYCfOn8J3/yNTd126/+pZ\n59vPr5KW7ySaNRB6nJHGDn2Z9j8Z3/VyVOEVqQdZe4O/Ui5GjLIAZHYcSNPYeehu\nVsyuLAOQ1xk4meTKCRlb/weWsKh/NEnfVqn3sF/tM+2MR7cwA130A4w=\n-----END CERTIFICATE-----\n",
            "domain": "mll-analytics.com",
            "id": "arn:aws:acm:us-east-1:590183933960:certificate/5f4fa762-ffdb-4169-b3f9-1ad607283cde",
            "key_types": null,
            "most_recent": false,
            "status": "ISSUED",
            "statuses": [
              "ISSUED"
            ],
            "tags": {},
            "types": null
          },
          "sensitive_attributes": []
        }
      ]
    },
    {
      "mode": "data",
      "type": "aws_availability_zones",
      "name": "available",
      "provider": "provider[\"registry.terraform.io/hashicorp/aws\"]",
      "instances": [
        {
          "schema_version": 0,
          "attributes": {
            "all_availability_zones": null,
            "exclude_names": null,
            "exclude_zone_ids": null,
            "filter": null,
            "group_names": [
              "us-east-1"
            ],
            "id": "us-east-1",
            "names": [
              "us-east-1a",
              "us-east-1b",
              "us-east-1c",
              "us-east-1d",
              "us-east-1e",
              "us-east-1f"
            ],
            "state": null,
            "timeouts": null,
            "zone_ids": [
              "use1-az6",
              "use1-az1",
              "use1-az2",
              "use1-az4",
              "use1-az3",
              "use1-az5"
            ]
          },
          "sensitive_attributes": []
        }
      ]
    },
    {
      "mode": "data",
      "type": "aws_caller_identity",
      "name": "current",
      "provider": "provider[\"registry.terraform.io/hashicorp/aws\"]",
      "instances": [
        {
          "schema_version": 0,
          "attributes": {
            "account_id": "590183933960",
            "arn": "arn:aws:sts::590183933960:assumed-role/AWSReservedSSO_AdministratorAccess_5e8fffc263b64391/kbolay",
            "id": "590183933960",
            "user_id": "AROAYS2NUFAEDI6HJBDHH:kbolay"
          },
          "sensitive_attributes": []
        }
      ]
    },
    {
      "mode": "data",
      "type": "aws_cloudfront_distribution",
      "name": "this-distribution",
      "provider": "provider[\"registry.terraform.io/hashicorp/aws\"]",
      "instances": [
        {
          "schema_version": 0,
          "attributes": {
            "aliases": [
              "mll-analytics.com"
            ],
            "arn": "arn:aws:cloudfront::590183933960:distribution/E3NXINRKUEXAOJ",
            "domain_name": "d10jvzcuz5p1f1.cloudfront.net",
            "enabled": true,
            "etag": "E3CM23PNU4BXHJ",
            "hosted_zone_id": "Z2FDTNDATAQYW2",
            "id": "E3NXINRKUEXAOJ",
            "in_progress_validation_batches": 0,
            "last_modified_time": "2024-04-08 15:31:21.193 +0000 UTC",
            "status": "Deployed",
            "tags": {
              "Production": "true",
              "Project": "analytics-cdn"
            },
            "web_acl_id": ""
          },
          "sensitive_attributes": []
        }
      ]
    },
    {
      "mode": "data",
      "type": "aws_dynamodb_table",
      "name": "this-collected-pii",
      "provider": "provider[\"registry.terraform.io/hashicorp/aws\"]",
      "instances": [
        {
          "schema_version": 0,
          "attributes": {
            "arn": "arn:aws:dynamodb:us-east-1:590183933960:table/momentum-prd-collected-pii",
            "attribute": [
              {
                "name": "CookieId",
                "type": "S"
              },
              {
                "name": "PiiId",
                "type": "S"
              },
              {
                "name": "UtcTimestamp",
                "type": "N"
              }
            ],
            "billing_mode": "PAY_PER_REQUEST",
            "deletion_protection_enabled": false,
            "global_secondary_index": [
              {
                "hash_key": "CookieId",
                "name": "CookieTimestampIndex",
                "non_key_attributes": [],
                "projection_type": "ALL",
                "range_key": "UtcTimestamp",
                "read_capacity": 0,
                "write_capacity": 0
              }
            ],
            "hash_key": "PiiId",
            "id": "momentum-prd-collected-pii",
            "local_secondary_index": [],
            "name": "momentum-prd-collected-pii",
            "point_in_time_recovery": [
              {
                "enabled": false
              }
            ],
            "range_key": "UtcTimestamp",
            "read_capacity": 0,
            "replica": [],
            "server_side_encryption": [],
            "stream_arn": "arn:aws:dynamodb:us-east-1:590183933960:table/momentum-prd-collected-pii/stream/2024-03-06T20:23:33.170",
            "stream_enabled": true,
            "stream_label": "2024-03-06T20:23:33.170",
            "stream_view_type": "NEW_AND_OLD_IMAGES",
            "table_class": "STANDARD",
            "tags": {
              "Name": "momentum-prd-collected-pii",
              "Production": "true",
              "Project": "tracking-dynamo"
            },
            "ttl": [
              {
                "attribute_name": "",
                "enabled": false
              }
            ],
            "write_capacity": 0
          },
          "sensitive_attributes": []
        }
      ]
    },
    {
      "mode": "data",
      "type": "aws_dynamodb_table",
      "name": "this-page-views",
      "provider": "provider[\"registry.terraform.io/hashicorp/aws\"]",
      "instances": [
        {
          "schema_version": 0,
          "attributes": {
            "arn": "arn:aws:dynamodb:us-east-1:590183933960:table/momentum-prd-page-views",
            "attribute": [
              {
                "name": "CookieId",
                "type": "S"
              },
              {
                "name": "UtcTimestamp",
                "type": "N"
              }
            ],
            "billing_mode": "PAY_PER_REQUEST",
            "deletion_protection_enabled": false,
            "global_secondary_index": [],
            "hash_key": "CookieId",
            "id": "momentum-prd-page-views",
            "local_secondary_index": [],
            "name": "momentum-prd-page-views",
            "point_in_time_recovery": [
              {
                "enabled": false
              }
            ],
            "range_key": "UtcTimestamp",
            "read_capacity": 0,
            "replica": [],
            "server_side_encryption": [],
            "stream_arn": "arn:aws:dynamodb:us-east-1:590183933960:table/momentum-prd-page-views/stream/2024-03-27T19:57:38.605",
            "stream_enabled": true,
            "stream_label": "2024-03-27T19:57:38.605",
            "stream_view_type": "NEW_AND_OLD_IMAGES",
            "table_class": "STANDARD",
            "tags": {
              "Name": "momentum-prd-page-views",
              "Production": "true",
              "Project": "tracking-dynamo"
            },
            "ttl": [
              {
                "attribute_name": "",
                "enabled": false
              }
            ],
            "write_capacity": 0
          },
          "sensitive_attributes": []
        }
      ]
    },
    {
      "mode": "data",
      "type": "aws_dynamodb_table",
      "name": "this-pii",
      "provider": "provider[\"registry.terraform.io/hashicorp/aws\"]",
      "instances": [
        {
          "schema_version": 0,
          "attributes": {
            "arn": "arn:aws:dynamodb:us-east-1:590183933960:table/momentum-prd-pii-values",
            "attribute": [
              {
                "name": "Id",
                "type": "S"
              },
              {
                "name": "Value",
                "type": "S"
              }
            ],
            "billing_mode": "PAY_PER_REQUEST",
            "deletion_protection_enabled": false,
            "global_secondary_index": [
              {
                "hash_key": "Id",
                "name": "IdIndex",
                "non_key_attributes": [],
                "projection_type": "ALL",
                "range_key": "",
                "read_capacity": 0,
                "write_capacity": 0
              }
            ],
            "hash_key": "Value",
            "id": "momentum-prd-pii-values",
            "local_secondary_index": [],
            "name": "momentum-prd-pii-values",
            "point_in_time_recovery": [
              {
                "enabled": false
              }
            ],
            "range_key": null,
            "read_capacity": 0,
            "replica": [],
            "server_side_encryption": [],
            "stream_arn": "arn:aws:dynamodb:us-east-1:590183933960:table/momentum-prd-pii-values/stream/2024-03-06T20:23:33.168",
            "stream_enabled": true,
            "stream_label": "2024-03-06T20:23:33.168",
            "stream_view_type": "NEW_AND_OLD_IMAGES",
            "table_class": "STANDARD",
            "tags": {
              "Name": "momentum-prd-pii-values",
              "Production": "true",
              "Project": "tracking-dynamo"
            },
            "ttl": [
              {
                "attribute_name": "",
                "enabled": false
              }
            ],
            "write_capacity": 0
          },
          "sensitive_attributes": []
        }
      ]
    },
    {
      "mode": "data",
      "type": "aws_dynamodb_table",
      "name": "this-visits",
      "provider": "provider[\"registry.terraform.io/hashicorp/aws\"]",
      "instances": [
        {
          "schema_version": 0,
          "attributes": {
            "arn": "arn:aws:dynamodb:us-east-1:590183933960:table/momentum-prd-visits",
            "attribute": [
              {
                "name": "CookieId",
                "type": "S"
              },
              {
                "name": "Id",
                "type": "S"
              },
              {
                "name": "IsIdentified",
                "type": "N"
              },
              {
                "name": "UtcExpiration",
                "type": "N"
              },
              {
                "name": "UtcIdentifiedTimestamp",
                "type": "N"
              }
            ],
            "billing_mode": "PAY_PER_REQUEST",
            "deletion_protection_enabled": false,
            "global_secondary_index": [
              {
                "hash_key": "CookieId",
                "name": "VisitExpirationIndex",
                "non_key_attributes": [],
                "projection_type": "ALL",
                "range_key": "UtcExpiration",
                "read_capacity": 0,
                "write_capacity": 0
              },
              {
                "hash_key": "IsIdentified",
                "name": "IdentifiedIndex",
                "non_key_attributes": [],
                "projection_type": "ALL",
                "range_key": "UtcIdentifiedTimestamp",
                "read_capacity": 0,
                "write_capacity": 0
              }
            ],
            "hash_key": "Id",
            "id": "momentum-prd-visits",
            "local_secondary_index": [],
            "name": "momentum-prd-visits",
            "point_in_time_recovery": [
              {
                "enabled": false
              }
            ],
            "range_key": null,
            "read_capacity": 0,
            "replica": [],
            "server_side_encryption": [],
            "stream_arn": "",
            "stream_enabled": false,
            "stream_label": "",
            "stream_view_type": "",
            "table_class": "STANDARD",
            "tags": {
              "Name": "momentum-prd-identified-visits",
              "Production": "true",
              "Project": "tracking-dynamo"
            },
            "ttl": [
              {
                "attribute_name": "",
                "enabled": false
              }
            ],
            "write_capacity": 0
          },
          "sensitive_attributes": []
        }
      ]
    },
    {
      "mode": "data",
      "type": "aws_ecr_image",
      "name": "this-image",
      "provider": "provider[\"registry.terraform.io/hashicorp/aws\"]",
      "instances": [
        {
          "schema_version": 0,
          "attributes": {
            "id": "sha256:2a9f5d59cbc2823f3c192e3929e5686241b0cebff5c483192dc3261ee5500eaa",
            "image_digest": "sha256:2a9f5d59cbc2823f3c192e3929e5686241b0cebff5c483192dc3261ee5500eaa",
            "image_pushed_at": 1712337798,
            "image_size_in_bytes": 146053722,
            "image_tag": "1.0.28",
            "image_tags": [
              "1.0.28"
            ],
            "image_uri": "590183933960.dkr.ecr.us-east-1.amazonaws.com/momentum-analytics-api-repo@sha256:2a9f5d59cbc2823f3c192e3929e5686241b0cebff5c483192dc3261ee5500eaa",
            "most_recent": null,
            "registry_id": "590183933960",
            "repository_name": "momentum-analytics-api-repo"
          },
          "sensitive_attributes": []
        }
      ]
    },
    {
      "mode": "data",
      "type": "aws_iam_policy_document",
      "name": "assume_role",
      "provider": "provider[\"registry.terraform.io/hashicorp/aws\"]",
      "instances": [
        {
          "schema_version": 0,
          "attributes": {
            "id": "2690255455",
            "json": "{\n  \"Version\": \"2012-10-17\",\n  \"Statement\": [\n    {\n      \"Effect\": \"Allow\",\n      \"Action\": \"sts:AssumeRole\",\n      \"Principal\": {\n        \"Service\": \"lambda.amazonaws.com\"\n      }\n    }\n  ]\n}",
            "override_json": null,
            "override_policy_documents": null,
            "policy_id": null,
            "source_json": null,
            "source_policy_documents": null,
            "statement": [
              {
                "actions": [
                  "sts:AssumeRole"
                ],
                "condition": [],
                "effect": "Allow",
                "not_actions": [],
                "not_principals": [],
                "not_resources": [],
                "principals": [
                  {
                    "identifiers": [
                      "lambda.amazonaws.com"
                    ],
                    "type": "Service"
                  }
                ],
                "resources": [],
                "sid": ""
              }
            ],
            "version": "2012-10-17"
          },
          "sensitive_attributes": []
        }
      ]
    },
    {
      "mode": "data",
      "type": "aws_route53_zone",
      "name": "this-zone",
      "provider": "provider[\"registry.terraform.io/hashicorp/aws\"]",
      "instances": [
        {
          "schema_version": 0,
          "attributes": {
            "arn": "arn:aws:route53:::hostedzone/Z031342122G233WPTUE39",
            "caller_reference": "RISWorkflow-RD:09d3bbcc-802d-4365-b447-45f2155f7607",
            "comment": "HostedZone created by Route53 Registrar",
            "id": "Z031342122G233WPTUE39",
            "linked_service_description": null,
            "linked_service_principal": null,
            "name": "mll-analytics.com",
            "name_servers": [
              "ns-1566.awsdns-03.co.uk",
              "ns-1297.awsdns-34.org",
              "ns-394.awsdns-49.com",
              "ns-938.awsdns-53.net"
            ],
            "primary_name_server": "ns-1566.awsdns-03.co.uk",
            "private_zone": false,
            "resource_record_set_count": 4,
            "tags": {},
            "vpc_id": null,
            "zone_id": "Z031342122G233WPTUE39"
          },
          "sensitive_attributes": []
        }
      ]
    },
    {
      "mode": "data",
      "type": "aws_subnets",
      "name": "private",
      "provider": "provider[\"registry.terraform.io/hashicorp/aws\"]",
      "instances": [
        {
          "schema_version": 0,
          "attributes": {
            "filter": [
              {
                "name": "vpc-id",
                "values": [
                  "vpc-0b4e1644aaf349697"
                ]
              }
            ],
            "id": "us-east-1",
            "ids": [
              "subnet-05c5866082545338f",
              "subnet-0e0dc169905be6d13",
              "subnet-0c1122421f679bde4"
            ],
            "tags": null,
            "timeouts": null
          },
          "sensitive_attributes": []
        }
      ]
    },
    {
      "mode": "data",
      "type": "aws_vpc",
      "name": "this-vpc",
      "provider": "provider[\"registry.terraform.io/hashicorp/aws\"]",
      "instances": [
        {
          "schema_version": 0,
          "attributes": {
            "arn": "arn:aws:ec2:us-east-1:590183933960:vpc/vpc-0b4e1644aaf349697",
            "cidr_block": "10.0.0.0/16",
            "cidr_block_associations": [
              {
                "association_id": "vpc-cidr-assoc-0c2fe3e34b84e2bc5",
                "cidr_block": "10.0.0.0/16",
                "state": "associated"
              }
            ],
            "default": false,
            "dhcp_options_id": "dopt-05b48733a3c5a9928",
            "enable_dns_hostnames": true,
            "enable_dns_support": true,
            "enable_network_address_usage_metrics": false,
            "filter": null,
            "id": "vpc-0b4e1644aaf349697",
            "instance_tenancy": "default",
            "ipv6_association_id": "",
            "ipv6_cidr_block": "",
            "main_route_table_id": "rtb-0db0249dd6a984a3e",
            "owner_id": "590183933960",
            "state": null,
            "tags": {
              "Name": "momentum-prd-vpc-0",
              "Production": "true",
              "Project": "infra-vpc"
            },
            "timeouts": null
          },
          "sensitive_attributes": []
        }
      ]
    },
    {
      "mode": "managed",
      "type": "aws_api_gateway_base_path_mapping",
      "name": "this-mapping-0",
      "provider": "provider[\"registry.terraform.io/hashicorp/aws\"]",
      "instances": [
        {
          "schema_version": 0,
          "attributes": {
            "api_id": "jz4fayq8k7",
            "base_path": "",
            "domain_name": "api.mll-analytics.com",
            "id": "api.mll-analytics.com/",
            "stage_name": "prd"
          },
          "sensitive_attributes": [],
          "private": "bnVsbA==",
          "dependencies": [
            "aws_api_gateway_deployment.this-api-deploy",
            "aws_api_gateway_domain_name.this-domain-0",
            "aws_api_gateway_rest_api.this-api-0",
            "aws_iam_role.this-lambda-role",
            "aws_lambda_function.this-api-0",
            "aws_route53_record.this-route",
            "data.aws_acm_certificate.cert",
            "data.aws_caller_identity.current",
            "data.aws_cloudfront_distribution.this-distribution",
            "data.aws_ecr_image.this-image",
            "data.aws_iam_policy_document.assume_role",
            "data.aws_route53_zone.this-zone"
          ]
        }
      ]
    },
    {
      "mode": "managed",
      "type": "aws_api_gateway_deployment",
      "name": "this-api-deploy",
      "provider": "provider[\"registry.terraform.io/hashicorp/aws\"]",
      "instances": [
        {
          "schema_version": 0,
          "attributes": {
            "created_date": "2024-04-05T17:45:54Z",
            "description": "",
            "execution_arn": "arn:aws:execute-api:us-east-1:590183933960:jz4fayq8k7/prd",
            "id": "3sq8gg",
            "invoke_url": "https://jz4fayq8k7.execute-api.us-east-1.amazonaws.com/prd",
            "rest_api_id": "jz4fayq8k7",
            "stage_description": null,
            "stage_name": "prd",
            "triggers": {
              "redeployment": "9be5cb386446fd3613db247ff414311f99c11948"
            },
            "variables": null
          },
          "sensitive_attributes": [],
          "private": "bnVsbA==",
          "dependencies": [
            "aws_api_gateway_rest_api.this-api-0",
            "aws_iam_role.this-lambda-role",
            "aws_lambda_function.this-api-0",
            "data.aws_caller_identity.current",
            "data.aws_cloudfront_distribution.this-distribution",
            "data.aws_ecr_image.this-image",
            "data.aws_iam_policy_document.assume_role"
          ],
          "create_before_destroy": true
        }
      ]
    },
    {
      "mode": "managed",
      "type": "aws_api_gateway_domain_name",
      "name": "this-domain-0",
      "provider": "provider[\"registry.terraform.io/hashicorp/aws\"]",
      "instances": [
        {
          "schema_version": 0,
          "attributes": {
            "arn": "arn:aws:apigateway:us-east-1::/domainnames/api.mll-analytics.com",
            "certificate_arn": "",
            "certificate_body": null,
            "certificate_chain": null,
            "certificate_name": "",
            "certificate_private_key": null,
            "certificate_upload_date": "2024-04-08T16:03:33Z",
            "cloudfront_domain_name": "",
            "cloudfront_zone_id": "Z2FDTNDATAQYW2",
            "domain_name": "api.mll-analytics.com",
            "endpoint_configuration": [
              {
                "types": [
                  "REGIONAL"
                ]
              }
            ],
            "id": "api.mll-analytics.com",
            "mutual_tls_authentication": [],
            "ownership_verification_certificate_arn": "",
            "regional_certificate_arn": "arn:aws:acm:us-east-1:590183933960:certificate/5f4fa762-ffdb-4169-b3f9-1ad607283cde",
            "regional_certificate_name": "",
            "regional_domain_name": "d-nnfqma1l39.execute-api.us-east-1.amazonaws.com",
            "regional_zone_id": "Z1UJRXOUMOOFQ8",
            "security_policy": "TLS_1_2",
            "tags": {
              "Environment": "prd",
              "Production": "true",
              "Project": "analytics-api"
            },
            "tags_all": {
              "Environment": "prd",
              "Production": "true",
              "Project": "analytics-api"
            }
          },
          "sensitive_attributes": [],
          "private": "bnVsbA==",
          "dependencies": [
            "data.aws_acm_certificate.cert"
          ]
        }
      ]
    },
    {
      "mode": "managed",
      "type": "aws_api_gateway_rest_api",
      "name": "this-api-0",
      "provider": "provider[\"registry.terraform.io/hashicorp/aws\"]",
      "instances": [
        {
          "schema_version": 0,
          "attributes": {
            "api_key_source": "HEADER",
            "arn": "arn:aws:apigateway:us-east-1::/restapis/jz4fayq8k7",
            "binary_media_types": [],
            "body": "{\"info\":{\"description\":\"A microservice for momentum-prd-analytics-api-0 in the prd environment.\",\"title\":\"momentum-prd-analytics-api-0\",\"version\":\"v1\"},\"openapi\":\"3.0.1\",\"paths\":{\"/{proxy+}\":{\"x-amazon-apigateway-any-method\":{\"parameters\":[{\"in\":\"path\",\"name\":\"proxy\",\"required\":true,\"type\":\"string\"}],\"produces\":[\"*/*\"],\"responses\":{},\"x-amazon-apigateway-integration\":{\"contentHandling\":\"CONVERT_TO_TEXT\",\"httpMethod\":\"POST\",\"passthroughBehavior\":\"when_no_match\",\"responses\":{\"default\":{\"statusCode\":\"200\"}},\"type\":\"aws_proxy\",\"uri\":\"arn:aws:apigateway:us-east-1:lambda:path/2015-03-31/functions/arn:aws:lambda:us-east-1:590183933960:function:momentum-prd-analytics-api-0/invocations\"}}}}}",
            "created_date": "2024-03-26T17:07:18Z",
            "description": "A microservice for momentum-prd-analytics-api-0 in the prd environment.",
            "disable_execute_api_endpoint": false,
            "endpoint_configuration": [
              {
                "types": [
                  "REGIONAL"
                ],
                "vpc_endpoint_ids": []
              }
            ],
            "execution_arn": "arn:aws:execute-api:us-east-1:590183933960:jz4fayq8k7",
            "fail_on_warnings": null,
            "id": "jz4fayq8k7",
            "minimum_compression_size": "",
            "name": "momentum-prd-analytics-api",
            "parameters": null,
            "policy": "",
            "put_rest_api_mode": null,
            "root_resource_id": "9vnuy27x1a",
            "tags": {
              "Environment": "prd",
              "Name": "momentum-prd-analytics-api-0",
              "Production": "true",
              "Project": "analytics-api"
            },
            "tags_all": {
              "Environment": "prd",
              "Name": "momentum-prd-analytics-api-0",
              "Production": "true",
              "Project": "analytics-api"
            }
          },
          "sensitive_attributes": [],
          "private": "bnVsbA==",
          "dependencies": [
            "aws_iam_role.this-lambda-role",
            "aws_lambda_function.this-api-0",
            "data.aws_caller_identity.current",
            "data.aws_cloudfront_distribution.this-distribution",
            "data.aws_ecr_image.this-image",
            "data.aws_iam_policy_document.assume_role"
          ],
          "create_before_destroy": true
        }
      ]
    },
    {
      "mode": "managed",
      "type": "aws_api_gateway_stage",
      "name": "this-api-stage",
      "provider": "provider[\"registry.terraform.io/hashicorp/aws\"]",
      "instances": [
        {
          "schema_version": 0,
          "attributes": {
            "access_log_settings": [],
            "arn": "arn:aws:apigateway:us-east-1::/restapis/jz4fayq8k7/stages/prd",
            "cache_cluster_enabled": false,
            "cache_cluster_size": "",
            "canary_settings": [],
            "client_certificate_id": "",
            "deployment_id": "3sq8gg",
            "description": "",
            "documentation_version": "",
            "execution_arn": "arn:aws:execute-api:us-east-1:590183933960:jz4fayq8k7/prd",
            "id": "ags-jz4fayq8k7-prd",
            "invoke_url": "https://jz4fayq8k7.execute-api.us-east-1.amazonaws.com/prd",
            "rest_api_id": "jz4fayq8k7",
            "stage_name": "prd",
            "tags": {},
            "tags_all": {},
            "variables": {},
            "web_acl_arn": "",
            "xray_tracing_enabled": false
          },
          "sensitive_attributes": [],
          "private": "bnVsbA==",
          "dependencies": [
            "aws_api_gateway_deployment.this-api-deploy",
            "aws_api_gateway_rest_api.this-api-0",
            "aws_iam_role.this-lambda-role",
            "aws_lambda_function.this-api-0",
            "data.aws_caller_identity.current",
            "data.aws_cloudfront_distribution.this-distribution",
            "data.aws_ecr_image.this-image",
            "data.aws_iam_policy_document.assume_role"
          ]
        }
      ]
    },
    {
      "mode": "managed",
      "type": "aws_cloudwatch_log_group",
      "name": "api-log-group",
      "provider": "provider[\"registry.terraform.io/hashicorp/aws\"]",
      "instances": [
        {
          "schema_version": 0,
          "attributes": {
            "arn": "arn:aws:logs:us-east-1:590183933960:log-group:/aws/lambda/momentum-prd-analytics-api-0",
            "id": "/aws/lambda/momentum-prd-analytics-api-0",
            "kms_key_id": "",
            "log_group_class": "STANDARD",
            "name": "/aws/lambda/momentum-prd-analytics-api-0",
            "name_prefix": "",
            "retention_in_days": 365,
            "skip_destroy": false,
            "tags": {
              "Environment": "prd",
              "Name": "momentum-prd-analytics-api-0",
              "Production": "true",
              "Project": "analytics-api"
            },
            "tags_all": {
              "Environment": "prd",
              "Name": "momentum-prd-analytics-api-0",
              "Production": "true",
              "Project": "analytics-api"
            }
          },
          "sensitive_attributes": [],
          "private": "bnVsbA=="
        }
      ]
    },
    {
      "mode": "managed",
      "type": "aws_iam_role",
      "name": "this-lambda-role",
      "provider": "provider[\"registry.terraform.io/hashicorp/aws\"]",
      "instances": [
        {
          "schema_version": 0,
          "attributes": {
            "arn": "arn:aws:iam::590183933960:role/momentum-prd-analytics-api-role",
            "assume_role_policy": "{\"Statement\":[{\"Action\":\"sts:AssumeRole\",\"Effect\":\"Allow\",\"Principal\":{\"Service\":\"lambda.amazonaws.com\"}}],\"Version\":\"2012-10-17\"}",
            "create_date": "2024-03-26T17:06:56Z",
            "description": "",
            "force_detach_policies": false,
            "id": "momentum-prd-analytics-api-role",
            "inline_policy": [
              {
                "name": "momentum-prd-analytics-api-dynamo-policy",
                "policy": "{\"Version\":\"2012-10-17\",\"Statement\":[{\"Action\":[\"dynamodb:PutItem\",\"dynamodb:GetItem\"],\"Effect\":\"Allow\",\"Resource\":[\"arn:aws:dynamodb:us-east-1:590183933960:table/momentum-prd-page-views\",\"arn:aws:dynamodb:us-east-1:590183933960:table/momentum-prd-pii-values\",\"arn:aws:dynamodb:us-east-1:590183933960:table/momentum-prd-collected-pii\"]}]}"
              }
            ],
            "managed_policy_arns": [
              "arn:aws:iam::aws:policy/service-role/AWSLambdaVPCAccessExecutionRole"
            ],
            "max_session_duration": 3600,
            "name": "momentum-prd-analytics-api-role",
            "name_prefix": "",
            "path": "/",
            "permissions_boundary": "",
            "tags": {},
            "tags_all": {},
            "unique_id": "AROAYS2NUFAEDJIVRWIXA"
          },
          "sensitive_attributes": [],
          "private": "bnVsbA==",
          "dependencies": [
            "data.aws_iam_policy_document.assume_role"
          ],
          "create_before_destroy": true
        }
      ]
    },
    {
      "mode": "managed",
      "type": "aws_iam_role_policy",
      "name": "this-lambda-dynamo",
      "provider": "provider[\"registry.terraform.io/hashicorp/aws\"]",
      "instances": [
        {
          "schema_version": 0,
          "attributes": {
            "id": "momentum-prd-analytics-api-role:momentum-prd-analytics-api-dynamo-policy",
            "name": "momentum-prd-analytics-api-dynamo-policy",
            "name_prefix": "",
            "policy": "{\"Version\":\"2012-10-17\",\"Statement\":[{\"Action\":[\"dynamodb:PutItem\",\"dynamodb:GetItem\"],\"Effect\":\"Allow\",\"Resource\":[\"arn:aws:dynamodb:us-east-1:590183933960:table/momentum-prd-page-views\",\"arn:aws:dynamodb:us-east-1:590183933960:table/momentum-prd-pii-values\",\"arn:aws:dynamodb:us-east-1:590183933960:table/momentum-prd-collected-pii\"]}]}",
            "role": "momentum-prd-analytics-api-role"
          },
          "sensitive_attributes": [],
          "private": "bnVsbA==",
          "dependencies": [
            "aws_iam_role.this-lambda-role",
            "data.aws_dynamodb_table.this-collected-pii",
            "data.aws_dynamodb_table.this-page-views",
            "data.aws_dynamodb_table.this-pii",
            "data.aws_iam_policy_document.assume_role"
          ]
        }
      ]
    },
    {
      "mode": "managed",
      "type": "aws_iam_role_policy_attachment",
      "name": "this-lambda-vpc-policy",
      "provider": "provider[\"registry.terraform.io/hashicorp/aws\"]",
      "instances": [
        {
          "schema_version": 0,
          "attributes": {
            "id": "momentum-prd-analytics-api-role-20240326170656424100000001",
            "policy_arn": "arn:aws:iam::aws:policy/service-role/AWSLambdaVPCAccessExecutionRole",
            "role": "momentum-prd-analytics-api-role"
          },
          "sensitive_attributes": [],
          "private": "bnVsbA==",
          "dependencies": [
            "aws_iam_role.this-lambda-role",
            "data.aws_iam_policy_document.assume_role"
          ]
        }
      ]
    },
    {
      "mode": "managed",
      "type": "aws_lambda_function",
      "name": "this-api-0",
      "provider": "provider[\"registry.terraform.io/hashicorp/aws\"]",
      "instances": [
        {
          "schema_version": 0,
          "attributes": {
            "architectures": [
              "x86_64"
            ],
            "arn": "arn:aws:lambda:us-east-1:590183933960:function:momentum-prd-analytics-api-0",
            "code_signing_config_arn": "",
            "dead_letter_config": [],
            "description": "",
            "environment": [
              {
                "variables": {
                  "CORS_ORIGINS": "https://d10jvzcuz5p1f1.cloudfront.net"
                }
              }
            ],
            "ephemeral_storage": [
              {
                "size": 512
              }
            ],
            "file_system_config": [],
            "filename": null,
            "function_name": "momentum-prd-analytics-api-0",
            "handler": "",
            "id": "momentum-prd-analytics-api-0",
            "image_config": [],
            "image_uri": "590183933960.dkr.ecr.us-east-1.amazonaws.com/momentum-analytics-api-repo@sha256:2a9f5d59cbc2823f3c192e3929e5686241b0cebff5c483192dc3261ee5500eaa",
            "invoke_arn": "arn:aws:apigateway:us-east-1:lambda:path/2015-03-31/functions/arn:aws:lambda:us-east-1:590183933960:function:momentum-prd-analytics-api-0/invocations",
            "kms_key_arn": "",
            "last_modified": "2024-04-05T17:47:22.000+0000",
            "layers": [],
            "logging_config": [
              {
                "application_log_level": "",
                "log_format": "Text",
                "log_group": "/aws/lambda/momentum-prd-analytics-api-0",
                "system_log_level": ""
              }
            ],
            "memory_size": 1024,
            "package_type": "Image",
            "publish": false,
            "qualified_arn": "arn:aws:lambda:us-east-1:590183933960:function:momentum-prd-analytics-api-0:$LATEST",
            "qualified_invoke_arn": "arn:aws:apigateway:us-east-1:lambda:path/2015-03-31/functions/arn:aws:lambda:us-east-1:590183933960:function:momentum-prd-analytics-api-0:$LATEST/invocations",
            "replace_security_groups_on_destroy": null,
            "replacement_security_group_ids": null,
            "reserved_concurrent_executions": -1,
            "role": "arn:aws:iam::590183933960:role/momentum-prd-analytics-api-role",
            "runtime": "",
            "s3_bucket": null,
            "s3_key": null,
            "s3_object_version": null,
            "signing_job_arn": "",
            "signing_profile_version_arn": "",
            "skip_destroy": false,
            "snap_start": [],
            "source_code_hash": "2a9f5d59cbc2823f3c192e3929e5686241b0cebff5c483192dc3261ee5500eaa",
            "source_code_size": 0,
            "tags": {
              "Environment": "prd",
              "Name": "momentum-prd-analytics-api-0",
              "Production": "true",
              "Project": "analytics-api"
            },
            "tags_all": {
              "Environment": "prd",
              "Name": "momentum-prd-analytics-api-0",
              "Production": "true",
              "Project": "analytics-api"
            },
            "timeout": 60,
            "timeouts": null,
            "tracing_config": [
              {
                "mode": "PassThrough"
              }
            ],
            "version": "$LATEST",
            "vpc_config": []
          },
          "sensitive_attributes": [],
          "private": "eyJlMmJmYjczMC1lY2FhLTExZTYtOGY4OC0zNDM2M2JjN2M0YzAiOnsiY3JlYXRlIjo2MDAwMDAwMDAwMDAsImRlbGV0ZSI6NjAwMDAwMDAwMDAwLCJ1cGRhdGUiOjYwMDAwMDAwMDAwMH19",
          "dependencies": [
            "aws_iam_role.this-lambda-role",
            "data.aws_cloudfront_distribution.this-distribution",
            "data.aws_ecr_image.this-image",
            "data.aws_iam_policy_document.assume_role"
          ],
          "create_before_destroy": true
        }
      ]
    },
    {
      "mode": "managed",
      "type": "aws_lambda_permission",
      "name": "this-lambda-permission",
      "provider": "provider[\"registry.terraform.io/hashicorp/aws\"]",
      "instances": [
        {
          "schema_version": 0,
          "attributes": {
            "action": "lambda:InvokeFunction",
            "event_source_token": null,
            "function_name": "momentum-prd-analytics-api-0",
            "function_url_auth_type": null,
            "id": "AllowExecutionFromAPIGateway",
            "principal": "apigateway.amazonaws.com",
            "principal_org_id": null,
            "qualifier": "",
            "source_account": null,
            "source_arn": "arn:aws:execute-api:us-east-1:590183933960:jz4fayq8k7/*",
            "statement_id": "AllowExecutionFromAPIGateway",
            "statement_id_prefix": ""
          },
          "sensitive_attributes": [],
          "private": "bnVsbA==",
          "dependencies": [
            "aws_api_gateway_rest_api.this-api-0",
            "aws_iam_role.this-lambda-role",
            "aws_lambda_function.this-api-0",
            "data.aws_caller_identity.current",
            "data.aws_cloudfront_distribution.this-distribution",
            "data.aws_ecr_image.this-image",
            "data.aws_iam_policy_document.assume_role"
          ]
        }
      ]
    },
    {
      "mode": "managed",
      "type": "aws_route53_record",
      "name": "this-route",
      "provider": "provider[\"registry.terraform.io/hashicorp/aws\"]",
      "instances": [
        {
          "schema_version": 2,
          "attributes": {
            "alias": [
              {
                "evaluate_target_health": true,
                "name": "d-nnfqma1l39.execute-api.us-east-1.amazonaws.com",
                "zone_id": "Z1UJRXOUMOOFQ8"
              }
            ],
            "allow_overwrite": null,
            "cidr_routing_policy": [],
            "failover_routing_policy": [],
            "fqdn": "api.mll-analytics.com",
            "geolocation_routing_policy": [],
            "geoproximity_routing_policy": [],
            "health_check_id": "",
            "id": "Z031342122G233WPTUE39_api.mll-analytics.com_A",
            "latency_routing_policy": [],
            "multivalue_answer_routing_policy": false,
            "name": "api.mll-analytics.com",
            "records": null,
            "set_identifier": "",
            "ttl": 0,
            "type": "A",
            "weighted_routing_policy": [],
            "zone_id": "Z031342122G233WPTUE39"
          },
          "sensitive_attributes": [],
          "private": "eyJzY2hlbWFfdmVyc2lvbiI6IjIifQ==",
          "dependencies": [
            "aws_api_gateway_domain_name.this-domain-0",
            "data.aws_acm_certificate.cert",
            "data.aws_route53_zone.this-zone"
          ]
        }
      ]
    }
  ],
  "check_results": null
}
